{
  "name": "kibana-plugin-pid",
  "version": "1.0.0",
  "lockfileVersion": 1,
  "requires": true,
  "dependencies": {
    "kbn-types": {
      "version": "file:../../../packages/kbn-types",
      "dependencies": {
        "typescript": {
          "version": "2.4.1",
          "bundled": true
        }
      }
    }
  }
}
